{
  "name": "copilot-instruction-eval-node",
  "version": "1.0.0",
  "lockfileVersion": 3,
  "requires": true,
  "packages": {
    "": {
      "name": "copilot-instruction-eval-node",
      "version": "1.0.0",
      "license": "MIT",
      "dependencies": {
        "dotenv": "16.6.1",
        "papaparse": "5.5.3"
      },
      "devDependencies": {
        "@github/copilot": "0.0.369"
      }
    },
    "node_modules/@github/copilot": {
      "version": "0.0.369",
      "resolved": "https://registry.npmjs.org/@github/copilot/-/copilot-0.0.369.tgz",
      "integrity": "sha512-uIjzFTYyRSoql/8LqZCUICOV24utytlRnYuu4LsEzRISox9FA7MGfuMmcVZrfuvZg4C7gT/o8Ilm7rNICXf7DA==",
      "dev": true,
      "license": "SEE LICENSE IN LICENSE.md",
      "bin": {
        "copilot": "index.js"
      },
      "engines": {
        "node": ">=22"
      }
    },
    "node_modules/dotenv": {
      "version": "16.6.1",
      "resolved": "https://registry.npmjs.org/dotenv/-/dotenv-16.6.1.tgz",
      "integrity": "sha512-uBq4egWHTcTt33a72vpSG0z3HnPuIl6NqYcTrKEg2azoEyl2hpW0zqlxysq2pK9HlDIHyHyakeYaYnSAwd8bow==",
      "license": "BSD-2-Clause",
      "engines": {
        "node": ">=12"
      },
      "funding": {
        "url": "https://dotenvx.com"
      }
    },
    "node_modules/papaparse": {
      "version": "5.5.3",
      "resolved": "https://registry.npmjs.org/papaparse/-/papaparse-5.5.3.tgz",
      "integrity": "sha512-5QvjGxYVjxO59MGU2lHVYpRWBBtKHnlIAcSe1uNFCkkptUh63NFRj0FJQm7nR67puEruUci/ZkjmEFrjCAyP4A==",
      "license": "MIT"
    }
  }
}
